// !$*UTF8*$!
{
	archiveVersion = 1;
	classes = {
	};
	objectVersion = 50;
	objects = {

/* Begin PBXBuildFile section */
		CE7982C225D4CE1A00098325 /* BatteryEntry.swift in Sources */ = {isa = PBXBuildFile; fileRef = CE7982B825D4CCA300098325 /* BatteryEntry.swift */; };
		CE7982C725D4CE2300098325 /* BatteryXDWidgetView.swift in Sources */ = {isa = PBXBuildFile; fileRef = CEE492F625D4CC0200141D91 /* BatteryXDWidgetView.swift */; };
		CE7982D425D4CE2F00098325 /* BatteryRingView.swift in Sources */ = {isa = PBXBuildFile; fileRef = CEE492A125D4B11D00141D91 /* BatteryRingView.swift */; };
		CE7982D525D4CE2F00098325 /* BatteryFaceView.swift in Sources */ = {isa = PBXBuildFile; fileRef = CEE4929A25D4AC3800141D91 /* BatteryFaceView.swift */; };
		CE7B641125D788480050E044 /* Assets.xcassets in Resources */ = {isa = PBXBuildFile; fileRef = CE7B641025D788480050E044 /* Assets.xcassets */; };
		CE7B641825D788490050E044 /* BatteryXDWatch Extension.appex in Embed App Extensions */ = {isa = PBXBuildFile; fileRef = CE7B641725D788490050E044 /* BatteryXDWatch Extension.appex */; settings = {ATTRIBUTES = (RemoveHeadersOnCopy, ); }; };
		CE7B641D25D788490050E044 /* BatteryXDApp.swift in Sources */ = {isa = PBXBuildFile; fileRef = CE7B641C25D788490050E044 /* BatteryXDApp.swift */; };
		CE7B641F25D788490050E044 /* ContentView.swift in Sources */ = {isa = PBXBuildFile; fileRef = CE7B641E25D788490050E044 /* ContentView.swift */; };
		CE7B642125D788490050E044 /* NotificationController.swift in Sources */ = {isa = PBXBuildFile; fileRef = CE7B642025D788490050E044 /* NotificationController.swift */; };
		CE7B642325D788490050E044 /* NotificationView.swift in Sources */ = {isa = PBXBuildFile; fileRef = CE7B642225D788490050E044 /* NotificationView.swift */; };
		CE7B642525D788490050E044 /* ComplicationController.swift in Sources */ = {isa = PBXBuildFile; fileRef = CE7B642425D788490050E044 /* ComplicationController.swift */; };
		CE7B642725D7884C0050E044 /* Assets.xcassets in Resources */ = {isa = PBXBuildFile; fileRef = CE7B642625D7884C0050E044 /* Assets.xcassets */; };
		CE7B642A25D7884C0050E044 /* Preview Assets.xcassets in Resources */ = {isa = PBXBuildFile; fileRef = CE7B642925D7884C0050E044 /* Preview Assets.xcassets */; };
		CE7B642F25D7884C0050E044 /* BatteryXDWatch.app in Embed Watch Content */ = {isa = PBXBuildFile; fileRef = CE7B640E25D788410050E044 /* BatteryXDWatch.app */; settings = {ATTRIBUTES = (RemoveHeadersOnCopy, ); }; };
		CE7B643C25D7887F0050E044 /* BatteryFaceView.swift in Sources */ = {isa = PBXBuildFile; fileRef = CEE4929A25D4AC3800141D91 /* BatteryFaceView.swift */; };
		CE7B643D25D7887F0050E044 /* BatteryRingView.swift in Sources */ = {isa = PBXBuildFile; fileRef = CEE492A125D4B11D00141D91 /* BatteryRingView.swift */; };
		CE7B643E25D7887F0050E044 /* BatteryXDView.swift in Sources */ = {isa = PBXBuildFile; fileRef = CEDEBC0625D61DE900294D82 /* BatteryXDView.swift */; };
		CE7B644625D788E40050E044 /* BatteryXDWatchView.swift in Sources */ = {isa = PBXBuildFile; fileRef = CE7B644525D788E40050E044 /* BatteryXDWatchView.swift */; };
		CE7B644C25D789F30050E044 /* BatteryState.swift in Sources */ = {isa = PBXBuildFile; fileRef = CE7B644B25D789F30050E044 /* BatteryState.swift */; };
		CEDEBC0725D61DE900294D82 /* BatteryXDView.swift in Sources */ = {isa = PBXBuildFile; fileRef = CEDEBC0625D61DE900294D82 /* BatteryXDView.swift */; };
		CEDEBC0E25D61E8700294D82 /* BatteryXDView.swift in Sources */ = {isa = PBXBuildFile; fileRef = CEDEBC0625D61DE900294D82 /* BatteryXDView.swift */; };
		CEE4928B25D4ABFD00141D91 /* BatteryXDApp.swift in Sources */ = {isa = PBXBuildFile; fileRef = CEE4928A25D4ABFD00141D91 /* BatteryXDApp.swift */; };
		CEE4928D25D4ABFD00141D91 /* ContentView.swift in Sources */ = {isa = PBXBuildFile; fileRef = CEE4928C25D4ABFD00141D91 /* ContentView.swift */; };
		CEE4928F25D4ABFE00141D91 /* Assets.xcassets in Resources */ = {isa = PBXBuildFile; fileRef = CEE4928E25D4ABFE00141D91 /* Assets.xcassets */; };
		CEE4929225D4ABFE00141D91 /* Preview Assets.xcassets in Resources */ = {isa = PBXBuildFile; fileRef = CEE4929125D4ABFE00141D91 /* Preview Assets.xcassets */; };
		CEE4929C25D4AC3900141D91 /* BatteryFaceView.swift in Sources */ = {isa = PBXBuildFile; fileRef = CEE4929A25D4AC3800141D91 /* BatteryFaceView.swift */; };
		CEE4929D25D4AC3900141D91 /* BatteryState.swift in Sources */ = {isa = PBXBuildFile; fileRef = CEE4929B25D4AC3800141D91 /* BatteryState.swift */; };
		CEE492A225D4B11D00141D91 /* BatteryRingView.swift in Sources */ = {isa = PBXBuildFile; fileRef = CEE492A125D4B11D00141D91 /* BatteryRingView.swift */; };
		CEE492E425D4CBB700141D91 /* WidgetKit.framework in Frameworks */ = {isa = PBXBuildFile; fileRef = CEE492AD25D4CA9400141D91 /* WidgetKit.framework */; };
		CEE492E525D4CBB700141D91 /* SwiftUI.framework in Frameworks */ = {isa = PBXBuildFile; fileRef = CEE492AF25D4CA9400141D91 /* SwiftUI.framework */; };
		CEE492E825D4CBB700141D91 /* BatteryXDWidget.swift in Sources */ = {isa = PBXBuildFile; fileRef = CEE492E725D4CBB700141D91 /* BatteryXDWidget.swift */; };
		CEE492EA25D4CBB900141D91 /* Assets.xcassets in Resources */ = {isa = PBXBuildFile; fileRef = CEE492E925D4CBB900141D91 /* Assets.xcassets */; };
		CEE492EE25D4CBB900141D91 /* BatteryXDWidgetExtension.appex in Embed App Extensions */ = {isa = PBXBuildFile; fileRef = CEE492E325D4CBB700141D91 /* BatteryXDWidgetExtension.appex */; settings = {ATTRIBUTES = (RemoveHeadersOnCopy, ); }; };
/* End PBXBuildFile section */

/* Begin PBXContainerItemProxy section */
		CE7B641925D788490050E044 /* PBXContainerItemProxy */ = {
			isa = PBXContainerItemProxy;
			containerPortal = CEE4927F25D4ABFD00141D91 /* Project object */;
			proxyType = 1;
			remoteGlobalIDString = CE7B641625D788490050E044;
			remoteInfo = "BatteryXDWatch Extension";
		};
		CE7B642D25D7884C0050E044 /* PBXContainerItemProxy */ = {
			isa = PBXContainerItemProxy;
			containerPortal = CEE4927F25D4ABFD00141D91 /* Project object */;
			proxyType = 1;
			remoteGlobalIDString = CE7B640D25D788410050E044;
			remoteInfo = BatteryXDWatch;
		};
		CEE492EC25D4CBB900141D91 /* PBXContainerItemProxy */ = {
			isa = PBXContainerItemProxy;
			containerPortal = CEE4927F25D4ABFD00141D91 /* Project object */;
			proxyType = 1;
			remoteGlobalIDString = CEE492E225D4CBB700141D91;
			remoteInfo = BatteryXDWidgetExtension;
		};
/* End PBXContainerItemProxy section */

/* Begin PBXCopyFilesBuildPhase section */
		CE7B643025D7884D0050E044 /* Embed Watch Content */ = {
			isa = PBXCopyFilesBuildPhase;
			buildActionMask = 2147483647;
			dstPath = "$(CONTENTS_FOLDER_PATH)/Watch";
			dstSubfolderSpec = 16;
			files = (
				CE7B642F25D7884C0050E044 /* BatteryXDWatch.app in Embed Watch Content */,
			);
			name = "Embed Watch Content";
			runOnlyForDeploymentPostprocessing = 0;
		};
		CE7B643325D7884D0050E044 /* Embed App Extensions */ = {
			isa = PBXCopyFilesBuildPhase;
			buildActionMask = 2147483647;
			dstPath = "";
			dstSubfolderSpec = 13;
			files = (
				CE7B641825D788490050E044 /* BatteryXDWatch Extension.appex in Embed App Extensions */,
			);
			name = "Embed App Extensions";
			runOnlyForDeploymentPostprocessing = 0;
		};
		CEE492C125D4CA9600141D91 /* Embed App Extensions */ = {
			isa = PBXCopyFilesBuildPhase;
			buildActionMask = 2147483647;
			dstPath = "";
			dstSubfolderSpec = 13;
			files = (
				CEE492EE25D4CBB900141D91 /* BatteryXDWidgetExtension.appex in Embed App Extensions */,
			);
			name = "Embed App Extensions";
			runOnlyForDeploymentPostprocessing = 0;
		};
/* End PBXCopyFilesBuildPhase section */

/* Begin PBXFileReference section */
		CE2ABDBF25D51A8C006B36F2 /* widget-small.PNG */ = {isa = PBXFileReference; lastKnownFileType = image.png; path = "widget-small.PNG"; sourceTree = "<group>"; };
		CE2ABDC025D51A8C006B36F2 /* sad-face.PNG */ = {isa = PBXFileReference; lastKnownFileType = image.png; path = "sad-face.PNG"; sourceTree = "<group>"; };
		CE2ABDC125D51A8C006B36F2 /* charging.PNG */ = {isa = PBXFileReference; lastKnownFileType = image.png; path = charging.PNG; sourceTree = "<group>"; };
		CE2ABDC225D51A8C006B36F2 /* smile-face.PNG */ = {isa = PBXFileReference; lastKnownFileType = image.png; path = "smile-face.PNG"; sourceTree = "<group>"; };
		CE5726AC25DE16DC001DBE50 /* watch-charging.PNG */ = {isa = PBXFileReference; lastKnownFileType = image.png; path = "watch-charging.PNG"; sourceTree = "<group>"; };
		CE5726AD25DE16DD001DBE50 /* complications-3.PNG */ = {isa = PBXFileReference; lastKnownFileType = image.png; path = "complications-3.PNG"; sourceTree = "<group>"; };
		CE5726AE25DE16DE001DBE50 /* complications-1.PNG */ = {isa = PBXFileReference; lastKnownFileType = image.png; path = "complications-1.PNG"; sourceTree = "<group>"; };
		CE5726AF25DE16DF001DBE50 /* watch-normal-face.PNG */ = {isa = PBXFileReference; lastKnownFileType = image.png; path = "watch-normal-face.PNG"; sourceTree = "<group>"; };
		CE5726B025DE16DF001DBE50 /* complications-2.PNG */ = {isa = PBXFileReference; lastKnownFileType = image.png; path = "complications-2.PNG"; sourceTree = "<group>"; };
		CE5726B125DE16DF001DBE50 /* watch-smile-face.PNG */ = {isa = PBXFileReference; lastKnownFileType = image.png; path = "watch-smile-face.PNG"; sourceTree = "<group>"; };
		CE5726B225DE16E0001DBE50 /* normal-face.PNG */ = {isa = PBXFileReference; lastKnownFileType = image.png; path = "normal-face.PNG"; sourceTree = "<group>"; };
		CE5726B325DE16E0001DBE50 /* watch-sad-face.png */ = {isa = PBXFileReference; lastKnownFileType = image.png; path = "watch-sad-face.png"; sourceTree = "<group>"; };
		CE7982B825D4CCA300098325 /* BatteryEntry.swift */ = {isa = PBXFileReference; lastKnownFileType = sourcecode.swift; path = BatteryEntry.swift; sourceTree = "<group>"; };
		CE7B640E25D788410050E044 /* BatteryXDWatch.app */ = {isa = PBXFileReference; explicitFileType = wrapper.application; includeInIndex = 0; path = BatteryXDWatch.app; sourceTree = BUILT_PRODUCTS_DIR; };
		CE7B641025D788480050E044 /* Assets.xcassets */ = {isa = PBXFileReference; lastKnownFileType = folder.assetcatalog; path = Assets.xcassets; sourceTree = "<group>"; };
		CE7B641225D788480050E044 /* Info.plist */ = {isa = PBXFileReference; lastKnownFileType = text.plist.xml; path = Info.plist; sourceTree = "<group>"; };
		CE7B641725D788490050E044 /* BatteryXDWatch Extension.appex */ = {isa = PBXFileReference; explicitFileType = "wrapper.app-extension"; includeInIndex = 0; path = "BatteryXDWatch Extension.appex"; sourceTree = BUILT_PRODUCTS_DIR; };
		CE7B641C25D788490050E044 /* BatteryXDApp.swift */ = {isa = PBXFileReference; lastKnownFileType = sourcecode.swift; path = BatteryXDApp.swift; sourceTree = "<group>"; };
		CE7B641E25D788490050E044 /* ContentView.swift */ = {isa = PBXFileReference; lastKnownFileType = sourcecode.swift; path = ContentView.swift; sourceTree = "<group>"; };
		CE7B642025D788490050E044 /* NotificationController.swift */ = {isa = PBXFileReference; lastKnownFileType = sourcecode.swift; path = NotificationController.swift; sourceTree = "<group>"; };
		CE7B642225D788490050E044 /* NotificationView.swift */ = {isa = PBXFileReference; lastKnownFileType = sourcecode.swift; path = NotificationView.swift; sourceTree = "<group>"; };
		CE7B642425D788490050E044 /* ComplicationController.swift */ = {isa = PBXFileReference; lastKnownFileType = sourcecode.swift; path = ComplicationController.swift; sourceTree = "<group>"; };
		CE7B642625D7884C0050E044 /* Assets.xcassets */ = {isa = PBXFileReference; lastKnownFileType = folder.assetcatalog; path = Assets.xcassets; sourceTree = "<group>"; };
		CE7B642925D7884C0050E044 /* Preview Assets.xcassets */ = {isa = PBXFileReference; lastKnownFileType = folder.assetcatalog; path = "Preview Assets.xcassets"; sourceTree = "<group>"; };
		CE7B642B25D7884C0050E044 /* Info.plist */ = {isa = PBXFileReference; lastKnownFileType = text.plist.xml; path = Info.plist; sourceTree = "<group>"; };
		CE7B642C25D7884C0050E044 /* PushNotificationPayload.apns */ = {isa = PBXFileReference; lastKnownFileType = text; path = PushNotificationPayload.apns; sourceTree = "<group>"; };
		CE7B644525D788E40050E044 /* BatteryXDWatchView.swift */ = {isa = PBXFileReference; lastKnownFileType = sourcecode.swift; path = BatteryXDWatchView.swift; sourceTree = "<group>"; };
		CE7B644B25D789F30050E044 /* BatteryState.swift */ = {isa = PBXFileReference; lastKnownFileType = sourcecode.swift; path = BatteryState.swift; sourceTree = "<group>"; };
		CE7B645125D7A2F50050E044 /* WatchAppIcon.png */ = {isa = PBXFileReference; lastKnownFileType = image.png; path = WatchAppIcon.png; sourceTree = "<group>"; };
		CEACA1E625D6530C008E95F2 /* AppIcon.png */ = {isa = PBXFileReference; lastKnownFileType = image.png; path = AppIcon.png; sourceTree = "<group>"; };
		CEDEBC0625D61DE900294D82 /* BatteryXDView.swift */ = {isa = PBXFileReference; lastKnownFileType = sourcecode.swift; path = BatteryXDView.swift; sourceTree = "<group>"; };
		CEE4928725D4ABFD00141D91 /* BatteryXD.app */ = {isa = PBXFileReference; explicitFileType = wrapper.application; includeInIndex = 0; path = BatteryXD.app; sourceTree = BUILT_PRODUCTS_DIR; };
		CEE4928A25D4ABFD00141D91 /* BatteryXDApp.swift */ = {isa = PBXFileReference; lastKnownFileType = sourcecode.swift; path = BatteryXDApp.swift; sourceTree = "<group>"; };
		CEE4928C25D4ABFD00141D91 /* ContentView.swift */ = {isa = PBXFileReference; lastKnownFileType = sourcecode.swift; path = ContentView.swift; sourceTree = "<group>"; };
		CEE4928E25D4ABFE00141D91 /* Assets.xcassets */ = {isa = PBXFileReference; lastKnownFileType = folder.assetcatalog; path = Assets.xcassets; sourceTree = "<group>"; };
		CEE4929125D4ABFE00141D91 /* Preview Assets.xcassets */ = {isa = PBXFileReference; lastKnownFileType = folder.assetcatalog; path = "Preview Assets.xcassets"; sourceTree = "<group>"; };
		CEE4929325D4ABFE00141D91 /* Info.plist */ = {isa = PBXFileReference; lastKnownFileType = text.plist.xml; path = Info.plist; sourceTree = "<group>"; };
		CEE4929A25D4AC3800141D91 /* BatteryFaceView.swift */ = {isa = PBXFileReference; fileEncoding = 4; lastKnownFileType = sourcecode.swift; path = BatteryFaceView.swift; sourceTree = "<group>"; };
		CEE4929B25D4AC3800141D91 /* BatteryState.swift */ = {isa = PBXFileReference; fileEncoding = 4; lastKnownFileType = sourcecode.swift; path = BatteryState.swift; sourceTree = "<group>"; };
		CEE4929F25D4AC4B00141D91 /* README.md */ = {isa = PBXFileReference; lastKnownFileType = net.daringfireball.markdown; path = README.md; sourceTree = "<group>"; };
		CEE492A125D4B11D00141D91 /* BatteryRingView.swift */ = {isa = PBXFileReference; lastKnownFileType = sourcecode.swift; path = BatteryRingView.swift; sourceTree = "<group>"; };
		CEE492A425D4C63900141D91 /* BatteryXD.entitlements */ = {isa = PBXFileReference; lastKnownFileType = text.plist.entitlements; path = BatteryXD.entitlements; sourceTree = "<group>"; };
		CEE492AD25D4CA9400141D91 /* WidgetKit.framework */ = {isa = PBXFileReference; lastKnownFileType = wrapper.framework; name = WidgetKit.framework; path = System/Library/Frameworks/WidgetKit.framework; sourceTree = SDKROOT; };
		CEE492AF25D4CA9400141D91 /* SwiftUI.framework */ = {isa = PBXFileReference; lastKnownFileType = wrapper.framework; name = SwiftUI.framework; path = System/Library/Frameworks/SwiftUI.framework; sourceTree = SDKROOT; };
		CEE492BD25D4CA9600141D91 /* BatteryXDWidgetExtension.entitlements */ = {isa = PBXFileReference; lastKnownFileType = text.plist.entitlements; path = BatteryXDWidgetExtension.entitlements; sourceTree = "<group>"; };
		CEE492E325D4CBB700141D91 /* BatteryXDWidgetExtension.appex */ = {isa = PBXFileReference; explicitFileType = "wrapper.app-extension"; includeInIndex = 0; path = BatteryXDWidgetExtension.appex; sourceTree = BUILT_PRODUCTS_DIR; };
		CEE492E725D4CBB700141D91 /* BatteryXDWidget.swift */ = {isa = PBXFileReference; lastKnownFileType = sourcecode.swift; path = BatteryXDWidget.swift; sourceTree = "<group>"; };
		CEE492E925D4CBB900141D91 /* Assets.xcassets */ = {isa = PBXFileReference; lastKnownFileType = folder.assetcatalog; path = Assets.xcassets; sourceTree = "<group>"; };
		CEE492EB25D4CBB900141D91 /* Info.plist */ = {isa = PBXFileReference; lastKnownFileType = text.plist.xml; path = Info.plist; sourceTree = "<group>"; };
		CEE492F625D4CC0200141D91 /* BatteryXDWidgetView.swift */ = {isa = PBXFileReference; lastKnownFileType = sourcecode.swift; path = BatteryXDWidgetView.swift; sourceTree = "<group>"; };
/* End PBXFileReference section */

/* Begin PBXFrameworksBuildPhase section */
		CE7B641425D788490050E044 /* Frameworks */ = {
			isa = PBXFrameworksBuildPhase;
			buildActionMask = 2147483647;
			files = (
			);
			runOnlyForDeploymentPostprocessing = 0;
		};
		CEE4928425D4ABFD00141D91 /* Frameworks */ = {
			isa = PBXFrameworksBuildPhase;
			buildActionMask = 2147483647;
			files = (
			);
			runOnlyForDeploymentPostprocessing = 0;
		};
		CEE492E025D4CBB700141D91 /* Frameworks */ = {
			isa = PBXFrameworksBuildPhase;
			buildActionMask = 2147483647;
			files = (
				CEE492E525D4CBB700141D91 /* SwiftUI.framework in Frameworks */,
				CEE492E425D4CBB700141D91 /* WidgetKit.framework in Frameworks */,
			);
			runOnlyForDeploymentPostprocessing = 0;
		};
/* End PBXFrameworksBuildPhase section */

/* Begin PBXGroup section */
		CE2ABDBE25D51A24006B36F2 /* materials */ = {
			isa = PBXGroup;
			children = (
				CE5726AE25DE16DE001DBE50 /* complications-1.PNG */,
				CE5726B025DE16DF001DBE50 /* complications-2.PNG */,
				CE5726AD25DE16DD001DBE50 /* complications-3.PNG */,
				CE5726B225DE16E0001DBE50 /* normal-face.PNG */,
				CE5726AC25DE16DC001DBE50 /* watch-charging.PNG */,
				CE5726AF25DE16DF001DBE50 /* watch-normal-face.PNG */,
				CE5726B325DE16E0001DBE50 /* watch-sad-face.png */,
				CE5726B125DE16DF001DBE50 /* watch-smile-face.PNG */,
				CEACA1E625D6530C008E95F2 /* AppIcon.png */,
				CE7B645125D7A2F50050E044 /* WatchAppIcon.png */,
				CE2ABDC125D51A8C006B36F2 /* charging.PNG */,
				CE2ABDC025D51A8C006B36F2 /* sad-face.PNG */,
				CE2ABDBF25D51A8C006B36F2 /* widget-small.PNG */,
				CE2ABDC225D51A8C006B36F2 /* smile-face.PNG */,
			);
			path = materials;
			sourceTree = "<group>";
		};
		CE7B640F25D788410050E044 /* BatteryXDWatch */ = {
			isa = PBXGroup;
			children = (
				CE7B641025D788480050E044 /* Assets.xcassets */,
				CE7B641225D788480050E044 /* Info.plist */,
			);
			path = BatteryXDWatch;
			sourceTree = "<group>";
		};
		CE7B641B25D788490050E044 /* BatteryXDWatch Extension */ = {
			isa = PBXGroup;
			children = (
				CE7B645325D7A52A0050E044 /* Complications */,
				CE7B645225D7A51A0050E044 /* Notification */,
				CE7B644425D788B80050E044 /* Data */,
				CE7B644325D788AF0050E044 /* View */,
				CE7B641C25D788490050E044 /* BatteryXDApp.swift */,
				CE7B642625D7884C0050E044 /* Assets.xcassets */,
				CE7B642B25D7884C0050E044 /* Info.plist */,
				CE7B642C25D7884C0050E044 /* PushNotificationPayload.apns */,
				CE7B642825D7884C0050E044 /* Preview Content */,
			);
			path = "BatteryXDWatch Extension";
			sourceTree = "<group>";
		};
		CE7B642825D7884C0050E044 /* Preview Content */ = {
			isa = PBXGroup;
			children = (
				CE7B642925D7884C0050E044 /* Preview Assets.xcassets */,
			);
			path = "Preview Content";
			sourceTree = "<group>";
		};
		CE7B644325D788AF0050E044 /* View */ = {
			isa = PBXGroup;
			children = (
				CE7B641E25D788490050E044 /* ContentView.swift */,
				CE7B644525D788E40050E044 /* BatteryXDWatchView.swift */,
			);
			name = View;
			sourceTree = "<group>";
		};
		CE7B644425D788B80050E044 /* Data */ = {
			isa = PBXGroup;
			children = (
				CE7B644B25D789F30050E044 /* BatteryState.swift */,
			);
			name = Data;
			sourceTree = "<group>";
		};
		CE7B645225D7A51A0050E044 /* Notification */ = {
			isa = PBXGroup;
			children = (
				CE7B642025D788490050E044 /* NotificationController.swift */,
				CE7B642225D788490050E044 /* NotificationView.swift */,
			);
			name = Notification;
			sourceTree = "<group>";
		};
		CE7B645325D7A52A0050E044 /* Complications */ = {
			isa = PBXGroup;
			children = (
				CE7B642425D788490050E044 /* ComplicationController.swift */,
			);
			name = Complications;
			sourceTree = "<group>";
		};
		CEDEBC0225D61CB100294D82 /* View */ = {
			isa = PBXGroup;
			children = (
				CEE4928C25D4ABFD00141D91 /* ContentView.swift */,
				CEE4929A25D4AC3800141D91 /* BatteryFaceView.swift */,
				CEE492A125D4B11D00141D91 /* BatteryRingView.swift */,
				CEDEBC0625D61DE900294D82 /* BatteryXDView.swift */,
			);
			path = View;
			sourceTree = "<group>";
		};
		CEDEBC0325D61CE700294D82 /* Data */ = {
			isa = PBXGroup;
			children = (
				CEE4929B25D4AC3800141D91 /* BatteryState.swift */,
			);
			path = Data;
			sourceTree = "<group>";
		};
		CEDEBC0425D61DAC00294D82 /* View */ = {
			isa = PBXGroup;
			children = (
				CEE492F625D4CC0200141D91 /* BatteryXDWidgetView.swift */,
			);
			path = View;
			sourceTree = "<group>";
		};
		CEDEBC0525D61DB300294D82 /* Data */ = {
			isa = PBXGroup;
			children = (
				CE7982B825D4CCA300098325 /* BatteryEntry.swift */,
			);
			path = Data;
			sourceTree = "<group>";
		};
		CEE4927E25D4ABFD00141D91 = {
			isa = PBXGroup;
			children = (
				CE2ABDBE25D51A24006B36F2 /* materials */,
				CEE492BD25D4CA9600141D91 /* BatteryXDWidgetExtension.entitlements */,
				CEE4929F25D4AC4B00141D91 /* README.md */,
				CEE4928925D4ABFD00141D91 /* BatteryXD */,
				CEE492E625D4CBB700141D91 /* BatteryXDWidget */,
				CE7B640F25D788410050E044 /* BatteryXDWatch */,
				CE7B641B25D788490050E044 /* BatteryXDWatch Extension */,
				CEE492AC25D4CA9400141D91 /* Frameworks */,
				CEE4928825D4ABFD00141D91 /* Products */,
			);
			sourceTree = "<group>";
		};
		CEE4928825D4ABFD00141D91 /* Products */ = {
			isa = PBXGroup;
			children = (
				CEE4928725D4ABFD00141D91 /* BatteryXD.app */,
				CEE492E325D4CBB700141D91 /* BatteryXDWidgetExtension.appex */,
				CE7B640E25D788410050E044 /* BatteryXDWatch.app */,
				CE7B641725D788490050E044 /* BatteryXDWatch Extension.appex */,
			);
			name = Products;
			sourceTree = "<group>";
		};
		CEE4928925D4ABFD00141D91 /* BatteryXD */ = {
			isa = PBXGroup;
			children = (
				CEE4928A25D4ABFD00141D91 /* BatteryXDApp.swift */,
				CEDEBC0325D61CE700294D82 /* Data */,
				CEDEBC0225D61CB100294D82 /* View */,
				CEE492A425D4C63900141D91 /* BatteryXD.entitlements */,
				CEE4928E25D4ABFE00141D91 /* Assets.xcassets */,
				CEE4929325D4ABFE00141D91 /* Info.plist */,
				CEE4929025D4ABFE00141D91 /* Preview Content */,
			);
			path = BatteryXD;
			sourceTree = "<group>";
		};
		CEE4929025D4ABFE00141D91 /* Preview Content */ = {
			isa = PBXGroup;
			children = (
				CEE4929125D4ABFE00141D91 /* Preview Assets.xcassets */,
			);
			path = "Preview Content";
			sourceTree = "<group>";
		};
		CEE492AC25D4CA9400141D91 /* Frameworks */ = {
			isa = PBXGroup;
			children = (
				CEE492AD25D4CA9400141D91 /* WidgetKit.framework */,
				CEE492AF25D4CA9400141D91 /* SwiftUI.framework */,
			);
			name = Frameworks;
			sourceTree = "<group>";
		};
		CEE492E625D4CBB700141D91 /* BatteryXDWidget */ = {
			isa = PBXGroup;
			children = (
				CEE492E725D4CBB700141D91 /* BatteryXDWidget.swift */,
				CEDEBC0525D61DB300294D82 /* Data */,
				CEDEBC0425D61DAC00294D82 /* View */,
				CEE492E925D4CBB900141D91 /* Assets.xcassets */,
				CEE492EB25D4CBB900141D91 /* Info.plist */,
			);
			path = BatteryXDWidget;
			sourceTree = "<group>";
		};
/* End PBXGroup section */

/* Begin PBXNativeTarget section */
		CE7B640D25D788410050E044 /* BatteryXDWatch */ = {
			isa = PBXNativeTarget;
			buildConfigurationList = CE7B643725D7884D0050E044 /* Build configuration list for PBXNativeTarget "BatteryXDWatch" */;
			buildPhases = (
				CE7B640C25D788410050E044 /* Resources */,
				CE7B643325D7884D0050E044 /* Embed App Extensions */,
			);
			buildRules = (
			);
			dependencies = (
				CE7B641A25D788490050E044 /* PBXTargetDependency */,
			);
			name = BatteryXDWatch;
			productName = BatteryXDWatch;
			productReference = CE7B640E25D788410050E044 /* BatteryXDWatch.app */;
			productType = "com.apple.product-type.application.watchapp2";
		};
		CE7B641625D788490050E044 /* BatteryXDWatch Extension */ = {
			isa = PBXNativeTarget;
			buildConfigurationList = CE7B643625D7884D0050E044 /* Build configuration list for PBXNativeTarget "BatteryXDWatch Extension" */;
			buildPhases = (
				CE7B641325D788490050E044 /* Sources */,
				CE7B641425D788490050E044 /* Frameworks */,
				CE7B641525D788490050E044 /* Resources */,
			);
			buildRules = (
			);
			dependencies = (
			);
			name = "BatteryXDWatch Extension";
			productName = "BatteryXDWatch Extension";
			productReference = CE7B641725D788490050E044 /* BatteryXDWatch Extension.appex */;
			productType = "com.apple.product-type.watchkit2-extension";
		};
		CEE4928625D4ABFD00141D91 /* BatteryXD */ = {
			isa = PBXNativeTarget;
			buildConfigurationList = CEE4929625D4ABFE00141D91 /* Build configuration list for PBXNativeTarget "BatteryXD" */;
			buildPhases = (
				CEE4928325D4ABFD00141D91 /* Sources */,
				CEE4928425D4ABFD00141D91 /* Frameworks */,
				CEE4928525D4ABFD00141D91 /* Resources */,
				CEE492C125D4CA9600141D91 /* Embed App Extensions */,
				CE7B643025D7884D0050E044 /* Embed Watch Content */,
			);
			buildRules = (
			);
			dependencies = (
				CEE492ED25D4CBB900141D91 /* PBXTargetDependency */,
				CE7B642E25D7884C0050E044 /* PBXTargetDependency */,
			);
			name = BatteryXD;
			productName = BatteryXD;
			productReference = CEE4928725D4ABFD00141D91 /* BatteryXD.app */;
			productType = "com.apple.product-type.application";
		};
		CEE492E225D4CBB700141D91 /* BatteryXDWidgetExtension */ = {
			isa = PBXNativeTarget;
			buildConfigurationList = CEE492EF25D4CBB900141D91 /* Build configuration list for PBXNativeTarget "BatteryXDWidgetExtension" */;
			buildPhases = (
				CEE492DF25D4CBB700141D91 /* Sources */,
				CEE492E025D4CBB700141D91 /* Frameworks */,
				CEE492E125D4CBB700141D91 /* Resources */,
			);
			buildRules = (
			);
			dependencies = (
			);
			name = BatteryXDWidgetExtension;
			productName = BatteryXDWidgetExtension;
			productReference = CEE492E325D4CBB700141D91 /* BatteryXDWidgetExtension.appex */;
			productType = "com.apple.product-type.app-extension";
		};
/* End PBXNativeTarget section */

/* Begin PBXProject section */
		CEE4927F25D4ABFD00141D91 /* Project object */ = {
			isa = PBXProject;
			attributes = {
				LastSwiftUpdateCheck = 1240;
				LastUpgradeCheck = 1240;
				TargetAttributes = {
					CE7B640D25D788410050E044 = {
						CreatedOnToolsVersion = 12.4;
					};
					CE7B641625D788490050E044 = {
						CreatedOnToolsVersion = 12.4;
					};
					CEE4928625D4ABFD00141D91 = {
						CreatedOnToolsVersion = 12.4;
					};
					CEE492E225D4CBB700141D91 = {
						CreatedOnToolsVersion = 12.4;
					};
				};
			};
			buildConfigurationList = CEE4928225D4ABFD00141D91 /* Build configuration list for PBXProject "BatteryXD" */;
			compatibilityVersion = "Xcode 9.3";
			developmentRegion = en;
			hasScannedForEncodings = 0;
			knownRegions = (
				en,
				Base,
			);
			mainGroup = CEE4927E25D4ABFD00141D91;
			productRefGroup = CEE4928825D4ABFD00141D91 /* Products */;
			projectDirPath = "";
			projectRoot = "";
			targets = (
				CEE4928625D4ABFD00141D91 /* BatteryXD */,
				CEE492E225D4CBB700141D91 /* BatteryXDWidgetExtension */,
				CE7B640D25D788410050E044 /* BatteryXDWatch */,
				CE7B641625D788490050E044 /* BatteryXDWatch Extension */,
			);
		};
/* End PBXProject section */

/* Begin PBXResourcesBuildPhase section */
		CE7B640C25D788410050E044 /* Resources */ = {
			isa = PBXResourcesBuildPhase;
			buildActionMask = 2147483647;
			files = (
				CE7B641125D788480050E044 /* Assets.xcassets in Resources */,
			);
			runOnlyForDeploymentPostprocessing = 0;
		};
		CE7B641525D788490050E044 /* Resources */ = {
			isa = PBXResourcesBuildPhase;
			buildActionMask = 2147483647;
			files = (
				CE7B642A25D7884C0050E044 /* Preview Assets.xcassets in Resources */,
				CE7B642725D7884C0050E044 /* Assets.xcassets in Resources */,
			);
			runOnlyForDeploymentPostprocessing = 0;
		};
		CEE4928525D4ABFD00141D91 /* Resources */ = {
			isa = PBXResourcesBuildPhase;
			buildActionMask = 2147483647;
			files = (
				CEE4929225D4ABFE00141D91 /* Preview Assets.xcassets in Resources */,
				CEE4928F25D4ABFE00141D91 /* Assets.xcassets in Resources */,
			);
			runOnlyForDeploymentPostprocessing = 0;
		};
		CEE492E125D4CBB700141D91 /* Resources */ = {
			isa = PBXResourcesBuildPhase;
			buildActionMask = 2147483647;
			files = (
				CEE492EA25D4CBB900141D91 /* Assets.xcassets in Resources */,
			);
			runOnlyForDeploymentPostprocessing = 0;
		};
/* End PBXResourcesBuildPhase section */

/* Begin PBXSourcesBuildPhase section */
		CE7B641325D788490050E044 /* Sources */ = {
			isa = PBXSourcesBuildPhase;
			buildActionMask = 2147483647;
			files = (
				CE7B643E25D7887F0050E044 /* BatteryXDView.swift in Sources */,
				CE7B642125D788490050E044 /* NotificationController.swift in Sources */,
				CE7B641F25D788490050E044 /* ContentView.swift in Sources */,
				CE7B644625D788E40050E044 /* BatteryXDWatchView.swift in Sources */,
				CE7B642525D788490050E044 /* ComplicationController.swift in Sources */,
				CE7B643C25D7887F0050E044 /* BatteryFaceView.swift in Sources */,
				CE7B643D25D7887F0050E044 /* BatteryRingView.swift in Sources */,
				CE7B641D25D788490050E044 /* BatteryXDApp.swift in Sources */,
				CE7B642325D788490050E044 /* NotificationView.swift in Sources */,
				CE7B644C25D789F30050E044 /* BatteryState.swift in Sources */,
			);
			runOnlyForDeploymentPostprocessing = 0;
		};
		CEE4928325D4ABFD00141D91 /* Sources */ = {
			isa = PBXSourcesBuildPhase;
			buildActionMask = 2147483647;
			files = (
				CEE4929C25D4AC3900141D91 /* BatteryFaceView.swift in Sources */,
				CEE4929D25D4AC3900141D91 /* BatteryState.swift in Sources */,
				CEDEBC0725D61DE900294D82 /* BatteryXDView.swift in Sources */,
				CEE4928D25D4ABFD00141D91 /* ContentView.swift in Sources */,
				CEE4928B25D4ABFD00141D91 /* BatteryXDApp.swift in Sources */,
				CEE492A225D4B11D00141D91 /* BatteryRingView.swift in Sources */,
			);
			runOnlyForDeploymentPostprocessing = 0;
		};
		CEE492DF25D4CBB700141D91 /* Sources */ = {
			isa = PBXSourcesBuildPhase;
			buildActionMask = 2147483647;
			files = (
				CE7982C225D4CE1A00098325 /* BatteryEntry.swift in Sources */,
				CEE492E825D4CBB700141D91 /* BatteryXDWidget.swift in Sources */,
				CEDEBC0E25D61E8700294D82 /* BatteryXDView.swift in Sources */,
				CE7982D425D4CE2F00098325 /* BatteryRingView.swift in Sources */,
				CE7982D525D4CE2F00098325 /* BatteryFaceView.swift in Sources */,
				CE7982C725D4CE2300098325 /* BatteryXDWidgetView.swift in Sources */,
			);
			runOnlyForDeploymentPostprocessing = 0;
		};
/* End PBXSourcesBuildPhase section */

/* Begin PBXTargetDependency section */
		CE7B641A25D788490050E044 /* PBXTargetDependency */ = {
			isa = PBXTargetDependency;
			target = CE7B641625D788490050E044 /* BatteryXDWatch Extension */;
			targetProxy = CE7B641925D788490050E044 /* PBXContainerItemProxy */;
		};
		CE7B642E25D7884C0050E044 /* PBXTargetDependency */ = {
			isa = PBXTargetDependency;
			target = CE7B640D25D788410050E044 /* BatteryXDWatch */;
			targetProxy = CE7B642D25D7884C0050E044 /* PBXContainerItemProxy */;
		};
		CEE492ED25D4CBB900141D91 /* PBXTargetDependency */ = {
			isa = PBXTargetDependency;
			target = CEE492E225D4CBB700141D91 /* BatteryXDWidgetExtension */;
			targetProxy = CEE492EC25D4CBB900141D91 /* PBXContainerItemProxy */;
		};
/* End PBXTargetDependency section */

/* Begin XCBuildConfiguration section */
		CE7B643125D7884D0050E044 /* Debug */ = {
			isa = XCBuildConfiguration;
			buildSettings = {
				ALWAYS_EMBED_SWIFT_STANDARD_LIBRARIES = YES;
				ASSETCATALOG_COMPILER_APPICON_NAME = AppIcon;
				ASSETCATALOG_COMPILER_GLOBAL_ACCENT_COLOR_NAME = AccentColor;
				CODE_SIGN_STYLE = Automatic;
				DEVELOPMENT_TEAM = WHBF4Z49B6;
				IBSC_MODULE = BatteryXDWatch_Extension;
				INFOPLIST_FILE = BatteryXDWatch/Info.plist;
				PRODUCT_BUNDLE_IDENTIFIER = com.shakshi.BatteryXD.watchkitapp;
				PRODUCT_NAME = "$(TARGET_NAME)";
				SDKROOT = watchos;
				SKIP_INSTALL = YES;
				SWIFT_VERSION = 5.0;
				TARGETED_DEVICE_FAMILY = 4;
				WATCHOS_DEPLOYMENT_TARGET = 7.2;
			};
			name = Debug;
		};
		CE7B643225D7884D0050E044 /* Release */ = {
			isa = XCBuildConfiguration;
			buildSettings = {
				ALWAYS_EMBED_SWIFT_STANDARD_LIBRARIES = YES;
				ASSETCATALOG_COMPILER_APPICON_NAME = AppIcon;
				ASSETCATALOG_COMPILER_GLOBAL_ACCENT_COLOR_NAME = AccentColor;
				CODE_SIGN_STYLE = Automatic;
				DEVELOPMENT_TEAM = WHBF4Z49B6;
				IBSC_MODULE = BatteryXDWatch_Extension;
				INFOPLIST_FILE = BatteryXDWatch/Info.plist;
				PRODUCT_BUNDLE_IDENTIFIER = com.shakshi.BatteryXD.watchkitapp;
				PRODUCT_NAME = "$(TARGET_NAME)";
				SDKROOT = watchos;
				SKIP_INSTALL = YES;
				SWIFT_VERSION = 5.0;
				TARGETED_DEVICE_FAMILY = 4;
				WATCHOS_DEPLOYMENT_TARGET = 7.2;
			};
			name = Release;
		};
		CE7B643425D7884D0050E044 /* Debug */ = {
			isa = XCBuildConfiguration;
			buildSettings = {
				ASSETCATALOG_COMPILER_COMPLICATION_NAME = Complication;
				CODE_SIGN_STYLE = Automatic;
				DEVELOPMENT_ASSET_PATHS = "\"BatteryXDWatch Extension/Preview Content\"";
				DEVELOPMENT_TEAM = WHBF4Z49B6;
				ENABLE_PREVIEWS = YES;
				INFOPLIST_FILE = "BatteryXDWatch Extension/Info.plist";
				LD_RUNPATH_SEARCH_PATHS = (
					"$(inherited)",
					"@executable_path/Frameworks",
					"@executable_path/../../Frameworks",
				);
				PRODUCT_BUNDLE_IDENTIFIER = com.shakshi.BatteryXD.watchkitapp.watchkitextension;
				PRODUCT_NAME = "${TARGET_NAME}";
				SDKROOT = watchos;
				SKIP_INSTALL = YES;
				SWIFT_VERSION = 5.0;
				TARGETED_DEVICE_FAMILY = 4;
				WATCHOS_DEPLOYMENT_TARGET = 7.2;
			};
			name = Debug;
		};
		CE7B643525D7884D0050E044 /* Release */ = {
			isa = XCBuildConfiguration;
			buildSettings = {
				ASSETCATALOG_COMPILER_COMPLICATION_NAME = Complication;
				CODE_SIGN_STYLE = Automatic;
				DEVELOPMENT_ASSET_PATHS = "\"BatteryXDWatch Extension/Preview Content\"";
				DEVELOPMENT_TEAM = WHBF4Z49B6;
				ENABLE_PREVIEWS = YES;
				INFOPLIST_FILE = "BatteryXDWatch Extension/Info.plist";
				LD_RUNPATH_SEARCH_PATHS = (
					"$(inherited)",
					"@executable_path/Frameworks",
					"@executable_path/../../Frameworks",
				);
				PRODUCT_BUNDLE_IDENTIFIER = com.shakshi.BatteryXD.watchkitapp.watchkitextension;
				PRODUCT_NAME = "${TARGET_NAME}";
				SDKROOT = watchos;
				SKIP_INSTALL = YES;
				SWIFT_VERSION = 5.0;
				TARGETED_DEVICE_FAMILY = 4;
				WATCHOS_DEPLOYMENT_TARGET = 7.2;
			};
			name = Release;
		};
		CEE4929425D4ABFE00141D91 /* Debug */ = {
			isa = XCBuildConfiguration;
			buildSettings = {
				ALWAYS_SEARCH_USER_PATHS = NO;
				CLANG_ANALYZER_NONNULL = YES;
				CLANG_ANALYZER_NUMBER_OBJECT_CONVERSION = YES_AGGRESSIVE;
				CLANG_CXX_LANGUAGE_STANDARD = "gnu++14";
				CLANG_CXX_LIBRARY = "libc++";
				CLANG_ENABLE_MODULES = YES;
				CLANG_ENABLE_OBJC_ARC = YES;
				CLANG_ENABLE_OBJC_WEAK = YES;
				CLANG_WARN_BLOCK_CAPTURE_AUTORELEASING = YES;
				CLANG_WARN_BOOL_CONVERSION = YES;
				CLANG_WARN_COMMA = YES;
				CLANG_WARN_CONSTANT_CONVERSION = YES;
				CLANG_WARN_DEPRECATED_OBJC_IMPLEMENTATIONS = YES;
				CLANG_WARN_DIRECT_OBJC_ISA_USAGE = YES_ERROR;
				CLANG_WARN_DOCUMENTATION_COMMENTS = YES;
				CLANG_WARN_EMPTY_BODY = YES;
				CLANG_WARN_ENUM_CONVERSION = YES;
				CLANG_WARN_INFINITE_RECURSION = YES;
				CLANG_WARN_INT_CONVERSION = YES;
				CLANG_WARN_NON_LITERAL_NULL_CONVERSION = YES;
				CLANG_WARN_OBJC_IMPLICIT_RETAIN_SELF = YES;
				CLANG_WARN_OBJC_LITERAL_CONVERSION = YES;
				CLANG_WARN_OBJC_ROOT_CLASS = YES_ERROR;
				CLANG_WARN_QUOTED_INCLUDE_IN_FRAMEWORK_HEADER = YES;
				CLANG_WARN_RANGE_LOOP_ANALYSIS = YES;
				CLANG_WARN_STRICT_PROTOTYPES = YES;
				CLANG_WARN_SUSPICIOUS_MOVE = YES;
				CLANG_WARN_UNGUARDED_AVAILABILITY = YES_AGGRESSIVE;
				CLANG_WARN_UNREACHABLE_CODE = YES;
				CLANG_WARN__DUPLICATE_METHOD_MATCH = YES;
				COPY_PHASE_STRIP = NO;
				DEBUG_INFORMATION_FORMAT = dwarf;
				ENABLE_STRICT_OBJC_MSGSEND = YES;
				ENABLE_TESTABILITY = YES;
				GCC_C_LANGUAGE_STANDARD = gnu11;
				GCC_DYNAMIC_NO_PIC = NO;
				GCC_NO_COMMON_BLOCKS = YES;
				GCC_OPTIMIZATION_LEVEL = 0;
				GCC_PREPROCESSOR_DEFINITIONS = (
					"DEBUG=1",
					"$(inherited)",
				);
				GCC_WARN_64_TO_32_BIT_CONVERSION = YES;
				GCC_WARN_ABOUT_RETURN_TYPE = YES_ERROR;
				GCC_WARN_UNDECLARED_SELECTOR = YES;
				GCC_WARN_UNINITIALIZED_AUTOS = YES_AGGRESSIVE;
				GCC_WARN_UNUSED_FUNCTION = YES;
				GCC_WARN_UNUSED_VARIABLE = YES;
				IPHONEOS_DEPLOYMENT_TARGET = 14.4;
				MTL_ENABLE_DEBUG_INFO = INCLUDE_SOURCE;
				MTL_FAST_MATH = YES;
				ONLY_ACTIVE_ARCH = YES;
				SDKROOT = iphoneos;
				SWIFT_ACTIVE_COMPILATION_CONDITIONS = DEBUG;
				SWIFT_OPTIMIZATION_LEVEL = "-Onone";
			};
			name = Debug;
		};
		CEE4929525D4ABFE00141D91 /* Release */ = {
			isa = XCBuildConfiguration;
			buildSettings = {
				ALWAYS_SEARCH_USER_PATHS = NO;
				CLANG_ANALYZER_NONNULL = YES;
				CLANG_ANALYZER_NUMBER_OBJECT_CONVERSION = YES_AGGRESSIVE;
				CLANG_CXX_LANGUAGE_STANDARD = "gnu++14";
				CLANG_CXX_LIBRARY = "libc++";
				CLANG_ENABLE_MODULES = YES;
				CLANG_ENABLE_OBJC_ARC = YES;
				CLANG_ENABLE_OBJC_WEAK = YES;
				CLANG_WARN_BLOCK_CAPTURE_AUTORELEASING = YES;
				CLANG_WARN_BOOL_CONVERSION = YES;
				CLANG_WARN_COMMA = YES;
				CLANG_WARN_CONSTANT_CONVERSION = YES;
				CLANG_WARN_DEPRECATED_OBJC_IMPLEMENTATIONS = YES;
				CLANG_WARN_DIRECT_OBJC_ISA_USAGE = YES_ERROR;
				CLANG_WARN_DOCUMENTATION_COMMENTS = YES;
				CLANG_WARN_EMPTY_BODY = YES;
				CLANG_WARN_ENUM_CONVERSION = YES;
				CLANG_WARN_INFINITE_RECURSION = YES;
				CLANG_WARN_INT_CONVERSION = YES;
				CLANG_WARN_NON_LITERAL_NULL_CONVERSION = YES;
				CLANG_WARN_OBJC_IMPLICIT_RETAIN_SELF = YES;
				CLANG_WARN_OBJC_LITERAL_CONVERSION = YES;
				CLANG_WARN_OBJC_ROOT_CLASS = YES_ERROR;
				CLANG_WARN_QUOTED_INCLUDE_IN_FRAMEWORK_HEADER = YES;
				CLANG_WARN_RANGE_LOOP_ANALYSIS = YES;
				CLANG_WARN_STRICT_PROTOTYPES = YES;
				CLANG_WARN_SUSPICIOUS_MOVE = YES;
				CLANG_WARN_UNGUARDED_AVAILABILITY = YES_AGGRESSIVE;
				CLANG_WARN_UNREACHABLE_CODE = YES;
				CLANG_WARN__DUPLICATE_METHOD_MATCH = YES;
				COPY_PHASE_STRIP = NO;
				DEBUG_INFORMATION_FORMAT = "dwarf-with-dsym";
				ENABLE_NS_ASSERTIONS = NO;
				ENABLE_STRICT_OBJC_MSGSEND = YES;
				GCC_C_LANGUAGE_STANDARD = gnu11;
				GCC_NO_COMMON_BLOCKS = YES;
				GCC_WARN_64_TO_32_BIT_CONVERSION = YES;
				GCC_WARN_ABOUT_RETURN_TYPE = YES_ERROR;
				GCC_WARN_UNDECLARED_SELECTOR = YES;
				GCC_WARN_UNINITIALIZED_AUTOS = YES_AGGRESSIVE;
				GCC_WARN_UNUSED_FUNCTION = YES;
				GCC_WARN_UNUSED_VARIABLE = YES;
				IPHONEOS_DEPLOYMENT_TARGET = 14.4;
				MTL_ENABLE_DEBUG_INFO = NO;
				MTL_FAST_MATH = YES;
				SDKROOT = iphoneos;
				SWIFT_COMPILATION_MODE = wholemodule;
				SWIFT_OPTIMIZATION_LEVEL = "-O";
				VALIDATE_PRODUCT = YES;
			};
			name = Release;
		};
		CEE4929725D4ABFE00141D91 /* Debug */ = {
			isa = XCBuildConfiguration;
			buildSettings = {
				ALWAYS_EMBED_SWIFT_STANDARD_LIBRARIES = YES;
				ASSETCATALOG_COMPILER_APPICON_NAME = AppIcon;
				ASSETCATALOG_COMPILER_GLOBAL_ACCENT_COLOR_NAME = AccentColor;
				CODE_SIGN_ENTITLEMENTS = BatteryXD/BatteryXD.entitlements;
				CODE_SIGN_STYLE = Automatic;
				DEVELOPMENT_ASSET_PATHS = "\"BatteryXD/Preview Content\"";
				DEVELOPMENT_TEAM = WHBF4Z49B6;
				ENABLE_PREVIEWS = YES;
				INFOPLIST_FILE = BatteryXD/Info.plist;
				IPHONEOS_DEPLOYMENT_TARGET = 14.0;
				LD_RUNPATH_SEARCH_PATHS = (
					"$(inherited)",
					"@executable_path/Frameworks",
				);
				PRODUCT_BUNDLE_IDENTIFIER = com.shakshi.BatteryXD;
				PRODUCT_NAME = "$(TARGET_NAME)";
				SUPPORTS_MACCATALYST = YES;
				SUPPORTS_MAC_DESIGNED_FOR_IPHONE_IPAD = YES;
				SWIFT_VERSION = 5.0;
				TARGETED_DEVICE_FAMILY = "1,2";
			};
			name = Debug;
		};
		CEE4929825D4ABFE00141D91 /* Release */ = {
			isa = XCBuildConfiguration;
			buildSettings = {
				ALWAYS_EMBED_SWIFT_STANDARD_LIBRARIES = YES;
				ASSETCATALOG_COMPILER_APPICON_NAME = AppIcon;
				ASSETCATALOG_COMPILER_GLOBAL_ACCENT_COLOR_NAME = AccentColor;
				CODE_SIGN_ENTITLEMENTS = BatteryXD/BatteryXD.entitlements;
				CODE_SIGN_STYLE = Automatic;
				DEVELOPMENT_ASSET_PATHS = "\"BatteryXD/Preview Content\"";
				DEVELOPMENT_TEAM = WHBF4Z49B6;
				ENABLE_PREVIEWS = YES;
				INFOPLIST_FILE = BatteryXD/Info.plist;
				IPHONEOS_DEPLOYMENT_TARGET = 14.0;
				LD_RUNPATH_SEARCH_PATHS = (
					"$(inherited)",
					"@executable_path/Frameworks",
				);
				PRODUCT_BUNDLE_IDENTIFIER = com.shakshi.BatteryXD;
				PRODUCT_NAME = "$(TARGET_NAME)";
				SUPPORTS_MACCATALYST = YES;
				SUPPORTS_MAC_DESIGNED_FOR_IPHONE_IPAD = YES;
				SWIFT_VERSION = 5.0;
				TARGETED_DEVICE_FAMILY = "1,2";
			};
			name = Release;
		};
		CEE492F025D4CBB900141D91 /* Debug */ = {
			isa = XCBuildConfiguration;
			buildSettings = {
				ASSETCATALOG_COMPILER_GLOBAL_ACCENT_COLOR_NAME = AccentColor;
				ASSETCATALOG_COMPILER_WIDGET_BACKGROUND_COLOR_NAME = WidgetBackground;
				CODE_SIGN_ENTITLEMENTS = BatteryXDWidgetExtension.entitlements;
				CODE_SIGN_STYLE = Automatic;
				DEVELOPMENT_TEAM = WHBF4Z49B6;
				INFOPLIST_FILE = BatteryXDWidget/Info.plist;
				LD_RUNPATH_SEARCH_PATHS = (
					"$(inherited)",
					"@executable_path/Frameworks",
					"@executable_path/../../Frameworks",
				);
				PRODUCT_BUNDLE_IDENTIFIER = com.shakshi.BatteryXD.BatteryXDWidget;
				PRODUCT_NAME = "$(TARGET_NAME)";
				SKIP_INSTALL = YES;
				SUPPORTS_MACCATALYST = YES;
				SWIFT_VERSION = 5.0;
				TARGETED_DEVICE_FAMILY = "1,2";
			};
			name = Debug;
		};
		CEE492F125D4CBB900141D91 /* Release */ = {
			isa = XCBuildConfiguration;
			buildSettings = {
				ASSETCATALOG_COMPILER_GLOBAL_ACCENT_COLOR_NAME = AccentColor;
				ASSETCATALOG_COMPILER_WIDGET_BACKGROUND_COLOR_NAME = WidgetBackground;
				CODE_SIGN_ENTITLEMENTS = BatteryXDWidgetExtension.entitlements;
				CODE_SIGN_STYLE = Automatic;
				DEVELOPMENT_TEAM = WHBF4Z49B6;
				INFOPLIST_FILE = BatteryXDWidget/Info.plist;
				LD_RUNPATH_SEARCH_PATHS = (
					"$(inherited)",
					"@executable_path/Frameworks",
					"@executable_path/../../Frameworks",
				);
				PRODUCT_BUNDLE_IDENTIFIER = com.shakshi.BatteryXD.BatteryXDWidget;
				PRODUCT_NAME = "$(TARGET_NAME)";
				SKIP_INSTALL = YES;
				SUPPORTS_MACCATALYST = YES;
				SWIFT_VERSION = 5.0;
				TARGETED_DEVICE_FAMILY = "1,2";
			};
			name = Release;
		};
/* End XCBuildConfiguration section */

/* Begin XCConfigurationList section */
		CE7B643625D7884D0050E044 /* Build configuration list for PBXNativeTarget "BatteryXDWatch Extension" */ = {
			isa = XCConfigurationList;
			buildConfigurations = (
				CE7B643425D7884D0050E044 /* Debug */,
				CE7B643525D7884D0050E044 /* Release */,
			);
			defaultConfigurationIsVisible = 0;
			defaultConfigurationName = Release;
		};
		CE7B643725D7884D0050E044 /* Build configuration list for PBXNativeTarget "BatteryXDWatch" */ = {
			isa = XCConfigurationList;
			buildConfigurations = (
				CE7B643125D7884D0050E044 /* Debug */,
				CE7B643225D7884D0050E044 /* Release */,
			);
			defaultConfigurationIsVisible = 0;
			defaultConfigurationName = Release;
		};
		CEE4928225D4ABFD00141D91 /* Build configuration list for PBXProject "BatteryXD" */ = {
			isa = XCConfigurationList;
			buildConfigurations = (
				CEE4929425D4ABFE00141D91 /* Debug */,
				CEE4929525D4ABFE00141D91 /* Release */,
			);
			defaultConfigurationIsVisible = 0;
			defaultConfigurationName = Release;
		};
		CEE4929625D4ABFE00141D91 /* Build configuration list for PBXNativeTarget "BatteryXD" */ = {
			isa = XCConfigurationList;
			buildConfigurations = (
				CEE4929725D4ABFE00141D91 /* Debug */,
				CEE4929825D4ABFE00141D91 /* Release */,
			);
			defaultConfigurationIsVisible = 0;
			defaultConfigurationName = Release;
		};
		CEE492EF25D4CBB900141D91 /* Build configuration list for PBXNativeTarget "BatteryXDWidgetExtension" */ = {
			isa = XCConfigurationList;
			buildConfigurations = (
				CEE492F025D4CBB900141D91 /* Debug */,
				CEE492F125D4CBB900141D91 /* Release */,
			);
			defaultConfigurationIsVisible = 0;
			defaultConfigurationName = Release;
		};
/* End XCConfigurationList section */
	};
	rootObject = CEE4927F25D4ABFD00141D91 /* Project object */;
}
